// !$*UTF8*$!
{
	archiveVersion = 1;
	classes = {
	};
	objectVersion = 50;
	objects = {

/* Begin PBXBuildFile section */
		4C01E00F24184652004CA8C5 /* AppDelegate.swift in Sources */ = {isa = PBXBuildFile; fileRef = 4C01E00E24184652004CA8C5 /* AppDelegate.swift */; };
		4C01E01124184652004CA8C5 /* SceneDelegate.swift in Sources */ = {isa = PBXBuildFile; fileRef = 4C01E01024184652004CA8C5 /* SceneDelegate.swift */; };
		4C01E01324184652004CA8C5 /* ContentView.swift in Sources */ = {isa = PBXBuildFile; fileRef = 4C01E01224184652004CA8C5 /* ContentView.swift */; };
		4C01E01524184652004CA8C5 /* Assets.xcassets in Resources */ = {isa = PBXBuildFile; fileRef = 4C01E01424184652004CA8C5 /* Assets.xcassets */; };
		4C01E01824184652004CA8C5 /* Preview Assets.xcassets in Resources */ = {isa = PBXBuildFile; fileRef = 4C01E01724184652004CA8C5 /* Preview Assets.xcassets */; };
		4C01E01B24184652004CA8C5 /* LaunchScreen.storyboard in Resources */ = {isa = PBXBuildFile; fileRef = 4C01E01924184652004CA8C5 /* LaunchScreen.storyboard */; };
		4C01E02624184653004CA8C5 /* WTestTests.swift in Sources */ = {isa = PBXBuildFile; fileRef = 4C01E02524184653004CA8C5 /* WTestTests.swift */; };
		4C01E03124184653004CA8C5 /* WTestUITests.swift in Sources */ = {isa = PBXBuildFile; fileRef = 4C01E03024184653004CA8C5 /* WTestUITests.swift */; };
/* End PBXBuildFile section */

/* Begin PBXContainerItemProxy section */
		4C01E02224184653004CA8C5 /* PBXContainerItemProxy */ = {
			isa = PBXContainerItemProxy;
			containerPortal = 4C01E00324184652004CA8C5 /* Project object */;
			proxyType = 1;
			remoteGlobalIDString = 4C01E00A24184652004CA8C5;
			remoteInfo = WTest;
		};
		4C01E02D24184653004CA8C5 /* PBXContainerItemProxy */ = {
			isa = PBXContainerItemProxy;
			containerPortal = 4C01E00324184652004CA8C5 /* Project object */;
			proxyType = 1;
			remoteGlobalIDString = 4C01E00A24184652004CA8C5;
			remoteInfo = WTest;
		};
/* End PBXContainerItemProxy section */

/* Begin PBXFileReference section */
		4C01E00B24184652004CA8C5 /* WTest.app */ = {isa = PBXFileReference; explicitFileType = wrapper.application; includeInIndex = 0; path = WTest.app; sourceTree = BUILT_PRODUCTS_DIR; };
		4C01E00E24184652004CA8C5 /* AppDelegate.swift */ = {isa = PBXFileReference; lastKnownFileType = sourcecode.swift; path = AppDelegate.swift; sourceTree = "<group>"; };
		4C01E01024184652004CA8C5 /* SceneDelegate.swift */ = {isa = PBXFileReference; lastKnownFileType = sourcecode.swift; path = SceneDelegate.swift; sourceTree = "<group>"; };
		4C01E01224184652004CA8C5 /* ContentView.swift */ = {isa = PBXFileReference; lastKnownFileType = sourcecode.swift; path = ContentView.swift; sourceTree = "<group>"; };
		4C01E01424184652004CA8C5 /* Assets.xcassets */ = {isa = PBXFileReference; lastKnownFileType = folder.assetcatalog; path = Assets.xcassets; sourceTree = "<group>"; };
		4C01E01724184652004CA8C5 /* Preview Assets.xcassets */ = {isa = PBXFileReference; lastKnownFileType = folder.assetcatalog; path = "Preview Assets.xcassets"; sourceTree = "<group>"; };
		4C01E01A24184652004CA8C5 /* Base */ = {isa = PBXFileReference; lastKnownFileType = file.storyboard; name = Base; path = Base.lproj/LaunchScreen.storyboard; sourceTree = "<group>"; };
		4C01E01C24184652004CA8C5 /* Info.plist */ = {isa = PBXFileReference; lastKnownFileType = text.plist.xml; path = Info.plist; sourceTree = "<group>"; };
		4C01E02124184653004CA8C5 /* WTestTests.xctest */ = {isa = PBXFileReference; explicitFileType = wrapper.cfbundle; includeInIndex = 0; path = WTestTests.xctest; sourceTree = BUILT_PRODUCTS_DIR; };
		4C01E02524184653004CA8C5 /* WTestTests.swift */ = {isa = PBXFileReference; lastKnownFileType = sourcecode.swift; path = WTestTests.swift; sourceTree = "<group>"; };
		4C01E02724184653004CA8C5 /* Info.plist */ = {isa = PBXFileReference; lastKnownFileType = text.plist.xml; path = Info.plist; sourceTree = "<group>"; };
		4C01E02C24184653004CA8C5 /* WTestUITests.xctest */ = {isa = PBXFileReference; explicitFileType = wrapper.cfbundle; includeInIndex = 0; path = WTestUITests.xctest; sourceTree = BUILT_PRODUCTS_DIR; };
		4C01E03024184653004CA8C5 /* WTestUITests.swift */ = {isa = PBXFileReference; lastKnownFileType = sourcecode.swift; path = WTestUITests.swift; sourceTree = "<group>"; };
		4C01E03224184653004CA8C5 /* Info.plist */ = {isa = PBXFileReference; lastKnownFileType = text.plist.xml; path = Info.plist; sourceTree = "<group>"; };
/* End PBXFileReference section */

/* Begin PBXFrameworksBuildPhase section */
		4C01E00824184652004CA8C5 /* Frameworks */ = {
			isa = PBXFrameworksBuildPhase;
			buildActionMask = 2147483647;
			files = (
			);
			runOnlyForDeploymentPostprocessing = 0;
		};
		4C01E01E24184653004CA8C5 /* Frameworks */ = {
			isa = PBXFrameworksBuildPhase;
			buildActionMask = 2147483647;
			files = (
			);
			runOnlyForDeploymentPostprocessing = 0;
		};
		4C01E02924184653004CA8C5 /* Frameworks */ = {
			isa = PBXFrameworksBuildPhase;
			buildActionMask = 2147483647;
			files = (
			);
			runOnlyForDeploymentPostprocessing = 0;
		};
/* End PBXFrameworksBuildPhase section */

/* Begin PBXGroup section */
		4C01E00224184652004CA8C5 = {
			isa = PBXGroup;
			children = (
				4C01E00D24184652004CA8C5 /* WTest */,
				4C01E02424184653004CA8C5 /* WTestTests */,
				4C01E02F24184653004CA8C5 /* WTestUITests */,
				4C01E00C24184652004CA8C5 /* Products */,
			);
			sourceTree = "<group>";
		};
		4C01E00C24184652004CA8C5 /* Products */ = {
			isa = PBXGroup;
			children = (
				4C01E00B24184652004CA8C5 /* WTest.app */,
				4C01E02124184653004CA8C5 /* WTestTests.xctest */,
				4C01E02C24184653004CA8C5 /* WTestUITests.xctest */,
			);
			name = Products;
			sourceTree = "<group>";
		};
		4C01E00D24184652004CA8C5 /* WTest */ = {
			isa = PBXGroup;
			children = (
				4C01E00E24184652004CA8C5 /* AppDelegate.swift */,
				4C01E01024184652004CA8C5 /* SceneDelegate.swift */,
				4C01E01224184652004CA8C5 /* ContentView.swift */,
				4C01E01424184652004CA8C5 /* Assets.xcassets */,
				4C01E01924184652004CA8C5 /* LaunchScreen.storyboard */,
				4C01E01C24184652004CA8C5 /* Info.plist */,
				4C01E01624184652004CA8C5 /* Preview Content */,
			);
			path = WTest;
			sourceTree = "<group>";
		};
		4C01E01624184652004CA8C5 /* Preview Content */ = {
			isa = PBXGroup;
			children = (
				4C01E01724184652004CA8C5 /* Preview Assets.xcassets */,
			);
			path = "Preview Content";
			sourceTree = "<group>";
		};
		4C01E02424184653004CA8C5 /* WTestTests */ = {
			isa = PBXGroup;
			children = (
				4C01E02524184653004CA8C5 /* WTestTests.swift */,
				4C01E02724184653004CA8C5 /* Info.plist */,
			);
			path = WTestTests;
			sourceTree = "<group>";
		};
		4C01E02F24184653004CA8C5 /* WTestUITests */ = {
			isa = PBXGroup;
			children = (
				4C01E03024184653004CA8C5 /* WTestUITests.swift */,
				4C01E03224184653004CA8C5 /* Info.plist */,
			);
			path = WTestUITests;
			sourceTree = "<group>";
		};
/* End PBXGroup section */

/* Begin PBXNativeTarget section */
		4C01E00A24184652004CA8C5 /* WTest */ = {
			isa = PBXNativeTarget;
			buildConfigurationList = 4C01E03524184653004CA8C5 /* Build configuration list for PBXNativeTarget "WTest" */;
			buildPhases = (
				4C01E00724184652004CA8C5 /* Sources */,
				4C01E00824184652004CA8C5 /* Frameworks */,
				4C01E00924184652004CA8C5 /* Resources */,
			);
			buildRules = (
			);
			dependencies = (
			);
			name = WTest;
			productName = WTest;
			productReference = 4C01E00B24184652004CA8C5 /* WTest.app */;
			productType = "com.apple.product-type.application";
		};
		4C01E02024184653004CA8C5 /* WTestTests */ = {
			isa = PBXNativeTarget;
			buildConfigurationList = 4C01E03824184653004CA8C5 /* Build configuration list for PBXNativeTarget "WTestTests" */;
			buildPhases = (
				4C01E01D24184653004CA8C5 /* Sources */,
				4C01E01E24184653004CA8C5 /* Frameworks */,
				4C01E01F24184653004CA8C5 /* Resources */,
			);
			buildRules = (
			);
			dependencies = (
				4C01E02324184653004CA8C5 /* PBXTargetDependency */,
			);
			name = WTestTests;
			productName = WTestTests;
			productReference = 4C01E02124184653004CA8C5 /* WTestTests.xctest */;
			productType = "com.apple.product-type.bundle.unit-test";
		};
		4C01E02B24184653004CA8C5 /* WTestUITests */ = {
			isa = PBXNativeTarget;
			buildConfigurationList = 4C01E03B24184653004CA8C5 /* Build configuration list for PBXNativeTarget "WTestUITests" */;
			buildPhases = (
				4C01E02824184653004CA8C5 /* Sources */,
				4C01E02924184653004CA8C5 /* Frameworks */,
				4C01E02A24184653004CA8C5 /* Resources */,
			);
			buildRules = (
			);
			dependencies = (
				4C01E02E24184653004CA8C5 /* PBXTargetDependency */,
			);
			name = WTestUITests;
			productName = WTestUITests;
			productReference = 4C01E02C24184653004CA8C5 /* WTestUITests.xctest */;
			productType = "com.apple.product-type.bundle.ui-testing";
		};
/* End PBXNativeTarget section */

/* Begin PBXProject section */
		4C01E00324184652004CA8C5 /* Project object */ = {
			isa = PBXProject;
			attributes = {
				LastSwiftUpdateCheck = 1130;
				LastUpgradeCheck = 1130;
				ORGANIZATIONNAME = "Michael Borgmann";
				TargetAttributes = {
					4C01E00A24184652004CA8C5 = {
						CreatedOnToolsVersion = 11.3.1;
					};
					4C01E02024184653004CA8C5 = {
						CreatedOnToolsVersion = 11.3.1;
						TestTargetID = 4C01E00A24184652004CA8C5;
					};
					4C01E02B24184653004CA8C5 = {
						CreatedOnToolsVersion = 11.3.1;
						TestTargetID = 4C01E00A24184652004CA8C5;
					};
				};
			};
			buildConfigurationList = 4C01E00624184652004CA8C5 /* Build configuration list for PBXProject "WTest" */;
			compatibilityVersion = "Xcode 9.3";
			developmentRegion = en;
			hasScannedForEncodings = 0;
			knownRegions = (
				en,
				Base,
			);
			mainGroup = 4C01E00224184652004CA8C5;
			productRefGroup = 4C01E00C24184652004CA8C5 /* Products */;
			projectDirPath = "";
			projectRoot = "";
			targets = (
				4C01E00A24184652004CA8C5 /* WTest */,
				4C01E02024184653004CA8C5 /* WTestTests */,
				4C01E02B24184653004CA8C5 /* WTestUITests */,
			);
		};
/* End PBXProject section */

/* Begin PBXResourcesBuildPhase section */
		4C01E00924184652004CA8C5 /* Resources */ = {
			isa = PBXResourcesBuildPhase;
			buildActionMask = 2147483647;
			files = (
				4C01E01B24184652004CA8C5 /* LaunchScreen.storyboard in Resources */,
				4C01E01824184652004CA8C5 /* Preview Assets.xcassets in Resources */,
				4C01E01524184652004CA8C5 /* Assets.xcassets in Resources */,
			);
			runOnlyForDeploymentPostprocessing = 0;
		};
		4C01E01F24184653004CA8C5 /* Resources */ = {
			isa = PBXResourcesBuildPhase;
			buildActionMask = 2147483647;
			files = (
			);
			runOnlyForDeploymentPostprocessing = 0;
		};
		4C01E02A24184653004CA8C5 /* Resources */ = {
			isa = PBXResourcesBuildPhase;
			buildActionMask = 2147483647;
			files = (
			);
			runOnlyForDeploymentPostprocessing = 0;
		};
/* End PBXResourcesBuildPhase section */

/* Begin PBXSourcesBuildPhase section */
		4C01E00724184652004CA8C5 /* Sources */ = {
			isa = PBXSourcesBuildPhase;
			buildActionMask = 2147483647;
			files = (
				4C01E00F24184652004CA8C5 /* AppDelegate.swift in Sources */,
				4C01E01124184652004CA8C5 /* SceneDelegate.swift in Sources */,
				4C01E01324184652004CA8C5 /* ContentView.swift in Sources */,
			);
			runOnlyForDeploymentPostprocessing = 0;
		};
		4C01E01D24184653004CA8C5 /* Sources */ = {
			isa = PBXSourcesBuildPhase;
			buildActionMask = 2147483647;
			files = (
				4C01E02624184653004CA8C5 /* WTestTests.swift in Sources */,
			);
			runOnlyForDeploymentPostprocessing = 0;
		};
		4C01E02824184653004CA8C5 /* Sources */ = {
			isa = PBXSourcesBuildPhase;
			buildActionMask = 2147483647;
			files = (
				4C01E03124184653004CA8C5 /* WTestUITests.swift in Sources */,
			);
			runOnlyForDeploymentPostprocessing = 0;
		};
/* End PBXSourcesBuildPhase section */

/* Begin PBXTargetDependency section */
		4C01E02324184653004CA8C5 /* PBXTargetDependency */ = {
			isa = PBXTargetDependency;
			target = 4C01E00A24184652004CA8C5 /* WTest */;
			targetProxy = 4C01E02224184653004CA8C5 /* PBXContainerItemProxy */;
		};
		4C01E02E24184653004CA8C5 /* PBXTargetDependency */ = {
			isa = PBXTargetDependency;
			target = 4C01E00A24184652004CA8C5 /* WTest */;
			targetProxy = 4C01E02D24184653004CA8C5 /* PBXContainerItemProxy */;
		};
/* End PBXTargetDependency section */

/* Begin PBXVariantGroup section */
		4C01E01924184652004CA8C5 /* LaunchScreen.storyboard */ = {
			isa = PBXVariantGroup;
			children = (
				4C01E01A24184652004CA8C5 /* Base */,
			);
			name = LaunchScreen.storyboard;
			sourceTree = "<group>";
		};
/* End PBXVariantGroup section */

/* Begin XCBuildConfiguration section */
		4C01E03324184653004CA8C5 /* Debug */ = {
			isa = XCBuildConfiguration;
			buildSettings = {
				ALWAYS_SEARCH_USER_PATHS = NO;
				CLANG_ANALYZER_NONNULL = YES;
				CLANG_ANALYZER_NUMBER_OBJECT_CONVERSION = YES_AGGRESSIVE;
				CLANG_CXX_LANGUAGE_STANDARD = "gnu++14";
				CLANG_CXX_LIBRARY = "libc++";
				CLANG_ENABLE_MODULES = YES;
				CLANG_ENABLE_OBJC_ARC = YES;
				CLANG_ENABLE_OBJC_WEAK = YES;
				CLANG_WARN_BLOCK_CAPTURE_AUTORELEASING = YES;
				CLANG_WARN_BOOL_CONVERSION = YES;
				CLANG_WARN_COMMA = YES;
				CLANG_WARN_CONSTANT_CONVERSION = YES;
				CLANG_WARN_DEPRECATED_OBJC_IMPLEMENTATIONS = YES;
				CLANG_WARN_DIRECT_OBJC_ISA_USAGE = YES_ERROR;
				CLANG_WARN_DOCUMENTATION_COMMENTS = YES;
				CLANG_WARN_EMPTY_BODY = YES;
				CLANG_WARN_ENUM_CONVERSION = YES;
				CLANG_WARN_INFINITE_RECURSION = YES;
				CLANG_WARN_INT_CONVERSION = YES;
				CLANG_WARN_NON_LITERAL_NULL_CONVERSION = YES;
				CLANG_WARN_OBJC_IMPLICIT_RETAIN_SELF = YES;
				CLANG_WARN_OBJC_LITERAL_CONVERSION = YES;
				CLANG_WARN_OBJC_ROOT_CLASS = YES_ERROR;
				CLANG_WARN_RANGE_LOOP_ANALYSIS = YES;
				CLANG_WARN_STRICT_PROTOTYPES = YES;
				CLANG_WARN_SUSPICIOUS_MOVE = YES;
				CLANG_WARN_UNGUARDED_AVAILABILITY = YES_AGGRESSIVE;
				CLANG_WARN_UNREACHABLE_CODE = YES;
				CLANG_WARN__DUPLICATE_METHOD_MATCH = YES;
				COPY_PHASE_STRIP = NO;
				DEBUG_INFORMATION_FORMAT = dwarf;
				ENABLE_STRICT_OBJC_MSGSEND = YES;
				ENABLE_TESTABILITY = YES;
				GCC_C_LANGUAGE_STANDARD = gnu11;
				GCC_DYNAMIC_NO_PIC = NO;
				GCC_NO_COMMON_BLOCKS = YES;
				GCC_OPTIMIZATION_LEVEL = 0;
				GCC_PREPROCESSOR_DEFINITIONS = (
					"DEBUG=1",
					"$(inherited)",
				);
				GCC_WARN_64_TO_32_BIT_CONVERSION = YES;
				GCC_WARN_ABOUT_RETURN_TYPE = YES_ERROR;
				GCC_WARN_UNDECLARED_SELECTOR = YES;
				GCC_WARN_UNINITIALIZED_AUTOS = YES_AGGRESSIVE;
				GCC_WARN_UNUSED_FUNCTION = YES;
				GCC_WARN_UNUSED_VARIABLE = YES;
				IPHONEOS_DEPLOYMENT_TARGET = 13.2;
				MTL_ENABLE_DEBUG_INFO = INCLUDE_SOURCE;
				MTL_FAST_MATH = YES;
				ONLY_ACTIVE_ARCH = YES;
				SDKROOT = iphoneos;
				SWIFT_ACTIVE_COMPILATION_CONDITIONS = DEBUG;
				SWIFT_OPTIMIZATION_LEVEL = "-Onone";
			};
			name = Debug;
		};
		4C01E03424184653004CA8C5 /* Release */ = {
			isa = XCBuildConfiguration;
			buildSettings = {
				ALWAYS_SEARCH_USER_PATHS = NO;
				CLANG_ANALYZER_NONNULL = YES;
				CLANG_ANALYZER_NUMBER_OBJECT_CONVERSION = YES_AGGRESSIVE;
				CLANG_CXX_LANGUAGE_STANDARD = "gnu++14";
				CLANG_CXX_LIBRARY = "libc++";
				CLANG_ENABLE_MODULES = YES;
				CLANG_ENABLE_OBJC_ARC = YES;
				CLANG_ENABLE_OBJC_WEAK = YES;
				CLANG_WARN_BLOCK_CAPTURE_AUTORELEASING = YES;
				CLANG_WARN_BOOL_CONVERSION = YES;
				CLANG_WARN_COMMA = YES;
				CLANG_WARN_CONSTANT_CONVERSION = YES;
				CLANG_WARN_DEPRECATED_OBJC_IMPLEMENTATIONS = YES;
				CLANG_WARN_DIRECT_OBJC_ISA_USAGE = YES_ERROR;
				CLANG_WARN_DOCUMENTATION_COMMENTS = YES;
				CLANG_WARN_EMPTY_BODY = YES;
				CLANG_WARN_ENUM_CONVERSION = YES;
				CLANG_WARN_INFINITE_RECURSION = YES;
				CLANG_WARN_INT_CONVERSION = YES;
				CLANG_WARN_NON_LITERAL_NULL_CONVERSION = YES;
				CLANG_WARN_OBJC_IMPLICIT_RETAIN_SELF = YES;
				CLANG_WARN_OBJC_LITERAL_CONVERSION = YES;
				CLANG_WARN_OBJC_ROOT_CLASS = YES_ERROR;
				CLANG_WARN_RANGE_LOOP_ANALYSIS = YES;
				CLANG_WARN_STRICT_PROTOTYPES = YES;
				CLANG_WARN_SUSPICIOUS_MOVE = YES;
				CLANG_WARN_UNGUARDED_AVAILABILITY = YES_AGGRESSIVE;
				CLANG_WARN_UNREACHABLE_CODE = YES;
				CLANG_WARN__DUPLICATE_METHOD_MATCH = YES;
				COPY_PHASE_STRIP = NO;
				DEBUG_INFORMATION_FORMAT = "dwarf-with-dsym";
				ENABLE_NS_ASSERTIONS = NO;
				ENABLE_STRICT_OBJC_MSGSEND = YES;
				GCC_C_LANGUAGE_STANDARD = gnu11;
				GCC_NO_COMMON_BLOCKS = YES;
				GCC_WARN_64_TO_32_BIT_CONVERSION = YES;
				GCC_WARN_ABOUT_RETURN_TYPE = YES_ERROR;
				GCC_WARN_UNDECLARED_SELECTOR = YES;
				GCC_WARN_UNINITIALIZED_AUTOS = YES_AGGRESSIVE;
				GCC_WARN_UNUSED_FUNCTION = YES;
				GCC_WARN_UNUSED_VARIABLE = YES;
				IPHONEOS_DEPLOYMENT_TARGET = 13.2;
				MTL_ENABLE_DEBUG_INFO = NO;
				MTL_FAST_MATH = YES;
				SDKROOT = iphoneos;
				SWIFT_COMPILATION_MODE = wholemodule;
				SWIFT_OPTIMIZATION_LEVEL = "-O";
				VALIDATE_PRODUCT = YES;
			};
			name = Release;
		};
		4C01E03624184653004CA8C5 /* Debug */ = {
			isa = XCBuildConfiguration;
			buildSettings = {
				ASSETCATALOG_COMPILER_APPICON_NAME = AppIcon;
				CODE_SIGN_STYLE = Automatic;
				DEVELOPMENT_ASSET_PATHS = "\"WTest/Preview Content\"";
				DEVELOPMENT_TEAM = FNBTP68MJQ;
				ENABLE_PREVIEWS = YES;
				INFOPLIST_FILE = WTest/Info.plist;
				LD_RUNPATH_SEARCH_PATHS = (
					"$(inherited)",
					"@executable_path/Frameworks",
				);
				PRODUCT_BUNDLE_IDENTIFIER = com.michaelborgmann.WTest;
				PRODUCT_NAME = "$(TARGET_NAME)";
				SWIFT_VERSION = 5.0;
				TARGETED_DEVICE_FAMILY = "1,2";
			};
			name = Debug;
		};
		4C01E03724184653004CA8C5 /* Release */ = {
			isa = XCBuildConfiguration;
			buildSettings = {
				ASSETCATALOG_COMPILER_APPICON_NAME = AppIcon;
				CODE_SIGN_STYLE = Automatic;
				DEVELOPMENT_ASSET_PATHS = "\"WTest/Preview Content\"";
				DEVELOPMENT_TEAM = FNBTP68MJQ;
				ENABLE_PREVIEWS = YES;
				INFOPLIST_FILE = WTest/Info.plist;
				LD_RUNPATH_SEARCH_PATHS = (
					"$(inherited)",
					"@executable_path/Frameworks",
				);
				PRODUCT_BUNDLE_IDENTIFIER = com.michaelborgmann.WTest;
				PRODUCT_NAME = "$(TARGET_NAME)";
				SWIFT_VERSION = 5.0;
				TARGETED_DEVICE_FAMILY = "1,2";
			};
			name = Release;
		};
		4C01E03924184653004CA8C5 /* Debug */ = {
			isa = XCBuildConfiguration;
			buildSettings = {
				ALWAYS_EMBED_SWIFT_STANDARD_LIBRARIES = YES;
				BUNDLE_LOADER = "$(TEST_HOST)";
				CODE_SIGN_STYLE = Automatic;
				DEVELOPMENT_TEAM = FNBTP68MJQ;
				INFOPLIST_FILE = WTestTests/Info.plist;
				IPHONEOS_DEPLOYMENT_TARGET = 13.2;
				LD_RUNPATH_SEARCH_PATHS = (
					"$(inherited)",
					"@executable_path/Frameworks",
					"@loader_path/Frameworks",
				);
				PRODUCT_BUNDLE_IDENTIFIER = com.michaelborgmann.WTestTests;
				PRODUCT_NAME = "$(TARGET_NAME)";
				SWIFT_VERSION = 5.0;
				TARGETED_DEVICE_FAMILY = "1,2";
				TEST_HOST = "$(BUILT_PRODUCTS_DIR)/WTest.app/WTest";
			};
			name = Debug;
		};
		4C01E03A24184653004CA8C5 /* Release */ = {
			isa = XCBuildConfiguration;
			buildSettings = {
				ALWAYS_EMBED_SWIFT_STANDARD_LIBRARIES = YES;
				BUNDLE_LOADER = "$(TEST_HOST)";
				CODE_SIGN_STYLE = Automatic;
				DEVELOPMENT_TEAM = FNBTP68MJQ;
				INFOPLIST_FILE = WTestTests/Info.plist;
				IPHONEOS_DEPLOYMENT_TARGET = 13.2;
				LD_RUNPATH_SEARCH_PATHS = (
					"$(inherited)",
					"@executable_path/Frameworks",
					"@loader_path/Frameworks",
				);
				PRODUCT_BUNDLE_IDENTIFIER = com.michaelborgmann.WTestTests;
				PRODUCT_NAME = "$(TARGET_NAME)";
				SWIFT_VERSION = 5.0;
				TARGETED_DEVICE_FAMILY = "1,2";
				TEST_HOST = "$(BUILT_PRODUCTS_DIR)/WTest.app/WTest";
			};
			name = Release;
		};
		4C01E03C24184653004CA8C5 /* Debug */ = {
			isa = XCBuildConfiguration;
			buildSettings = {
				ALWAYS_EMBED_SWIFT_STANDARD_LIBRARIES = YES;
				CODE_SIGN_STYLE = Automatic;
				DEVELOPMENT_TEAM = FNBTP68MJQ;
				INFOPLIST_FILE = WTestUITests/Info.plist;
				LD_RUNPATH_SEARCH_PATHS = (
					"$(inherited)",
					"@executable_path/Frameworks",
					"@loader_path/Frameworks",
				);
				PRODUCT_BUNDLE_IDENTIFIER = com.michaelborgmann.WTestUITests;
				PRODUCT_NAME = "$(TARGET_NAME)";
				SWIFT_VERSION = 5.0;
				TARGETED_DEVICE_FAMILY = "1,2";
				TEST_TARGET_NAME = WTest;
			};
			name = Debug;
		};
		4C01E03D24184653004CA8C5 /* Release */ = {
			isa = XCBuildConfiguration;
			buildSettings = {
				ALWAYS_EMBED_SWIFT_STANDARD_LIBRARIES = YES;
				CODE_SIGN_STYLE = Automatic;
				DEVELOPMENT_TEAM = FNBTP68MJQ;
				INFOPLIST_FILE = WTestUITests/Info.plist;
				LD_RUNPATH_SEARCH_PATHS = (
					"$(inherited)",
					"@executable_path/Frameworks",
					"@loader_path/Frameworks",
				);
				PRODUCT_BUNDLE_IDENTIFIER = com.michaelborgmann.WTestUITests;
				PRODUCT_NAME = "$(TARGET_NAME)";
				SWIFT_VERSION = 5.0;
				TARGETED_DEVICE_FAMILY = "1,2";
				TEST_TARGET_NAME = WTest;
			};
			name = Release;
		};
/* End XCBuildConfiguration section */

/* Begin XCConfigurationList section */
		4C01E00624184652004CA8C5 /* Build configuration list for PBXProject "WTest" */ = {
			isa = XCConfigurationList;
			buildConfigurations = (
				4C01E03324184653004CA8C5 /* Debug */,
				4C01E03424184653004CA8C5 /* Release */,
			);
			defaultConfigurationIsVisible = 0;
			defaultConfigurationName = Release;
		};
		4C01E03524184653004CA8C5 /* Build configuration list for PBXNativeTarget "WTest" */ = {
			isa = XCConfigurationList;
			buildConfigurations = (
				4C01E03624184653004CA8C5 /* Debug */,
				4C01E03724184653004CA8C5 /* Release */,
			);
			defaultConfigurationIsVisible = 0;
			defaultConfigurationName = Release;
		};
		4C01E03824184653004CA8C5 /* Build configuration list for PBXNativeTarget "WTestTests" */ = {
			isa = XCConfigurationList;
			buildConfigurations = (
				4C01E03924184653004CA8C5 /* Debug */,
				4C01E03A24184653004CA8C5 /* Release */,
			);
			defaultConfigurationIsVisible = 0;
			defaultConfigurationName = Release;
		};
		4C01E03B24184653004CA8C5 /* Build configuration list for PBXNativeTarget "WTestUITests" */ = {
			isa = XCConfigurationList;
			buildConfigurations = (
				4C01E03C24184653004CA8C5 /* Debug */,
				4C01E03D24184653004CA8C5 /* Release */,
			);
			defaultConfigurationIsVisible = 0;
			defaultConfigurationName = Release;
		};
/* End XCConfigurationList section */
	};
	rootObject = 4C01E00324184652004CA8C5 /* Project object */;
}
